// !$*UTF8*$!
{
	archiveVersion = 1;
	classes = {
	};
	objectVersion = 46;
	objects = {

/* Begin PBXBuildFile section */
		019127351AE4AA700060923B /* AppDelegate.swift in Sources */ = {isa = PBXBuildFile; fileRef = 019127341AE4AA700060923B /* AppDelegate.swift */; };
		0191273C1AE4AA700060923B /* Images.xcassets in Resources */ = {isa = PBXBuildFile; fileRef = 0191273B1AE4AA700060923B /* Images.xcassets */; };
		0191273F1AE4AA700060923B /* LaunchScreen.xib in Resources */ = {isa = PBXBuildFile; fileRef = 0191273D1AE4AA700060923B /* LaunchScreen.xib */; };
		0191274B1AE4AA700060923B /* HNReaderTests.swift in Sources */ = {isa = PBXBuildFile; fileRef = 0191274A1AE4AA700060923B /* HNReaderTests.swift */; };
/* End PBXBuildFile section */

/* Begin PBXContainerItemProxy section */
		019127451AE4AA700060923B /* PBXContainerItemProxy */ = {
			isa = PBXContainerItemProxy;
			containerPortal = 019127271AE4AA700060923B /* Project object */;
			proxyType = 1;
			remoteGlobalIDString = 0191272E1AE4AA700060923B;
			remoteInfo = HNReader;
		};
/* End PBXContainerItemProxy section */

/* Begin PBXFileReference section */
		0191272F1AE4AA700060923B /* HNReader.app */ = {isa = PBXFileReference; explicitFileType = wrapper.application; includeInIndex = 0; path = HNReader.app; sourceTree = BUILT_PRODUCTS_DIR; };
		019127331AE4AA700060923B /* Info.plist */ = {isa = PBXFileReference; lastKnownFileType = text.plist.xml; path = Info.plist; sourceTree = "<group>"; };
		019127341AE4AA700060923B /* AppDelegate.swift */ = {isa = PBXFileReference; lastKnownFileType = sourcecode.swift; path = AppDelegate.swift; sourceTree = "<group>"; };
		0191273B1AE4AA700060923B /* Images.xcassets */ = {isa = PBXFileReference; lastKnownFileType = folder.assetcatalog; path = Images.xcassets; sourceTree = "<group>"; };
		0191273E1AE4AA700060923B /* Base */ = {isa = PBXFileReference; lastKnownFileType = file.xib; name = Base; path = Base.lproj/LaunchScreen.xib; sourceTree = "<group>"; };
		019127441AE4AA700060923B /* HNReaderTests.xctest */ = {isa = PBXFileReference; explicitFileType = wrapper.cfbundle; includeInIndex = 0; path = HNReaderTests.xctest; sourceTree = BUILT_PRODUCTS_DIR; };
		019127491AE4AA700060923B /* Info.plist */ = {isa = PBXFileReference; lastKnownFileType = text.plist.xml; path = Info.plist; sourceTree = "<group>"; };
		0191274A1AE4AA700060923B /* HNReaderTests.swift */ = {isa = PBXFileReference; lastKnownFileType = sourcecode.swift; path = HNReaderTests.swift; sourceTree = "<group>"; };
/* End PBXFileReference section */

/* Begin PBXFrameworksBuildPhase section */
		0191272C1AE4AA700060923B /* Frameworks */ = {
			isa = PBXFrameworksBuildPhase;
			buildActionMask = 2147483647;
			files = (
			);
			runOnlyForDeploymentPostprocessing = 0;
		};
		019127411AE4AA700060923B /* Frameworks */ = {
			isa = PBXFrameworksBuildPhase;
			buildActionMask = 2147483647;
			files = (
			);
			runOnlyForDeploymentPostprocessing = 0;
		};
/* End PBXFrameworksBuildPhase section */

/* Begin PBXGroup section */
		019127261AE4AA700060923B = {
			isa = PBXGroup;
			children = (
				019127311AE4AA700060923B /* HNReader */,
				019127471AE4AA700060923B /* HNReaderTests */,
				019127301AE4AA700060923B /* Products */,
			);
			sourceTree = "<group>";
		};
		019127301AE4AA700060923B /* Products */ = {
			isa = PBXGroup;
			children = (
				0191272F1AE4AA700060923B /* HNReader.app */,
				019127441AE4AA700060923B /* HNReaderTests.xctest */,
			);
			name = Products;
			sourceTree = "<group>";
		};
		019127311AE4AA700060923B /* HNReader */ = {
			isa = PBXGroup;
			children = (
				019127341AE4AA700060923B /* AppDelegate.swift */,
				0191273B1AE4AA700060923B /* Images.xcassets */,
				0191273D1AE4AA700060923B /* LaunchScreen.xib */,
				019127321AE4AA700060923B /* Supporting Files */,
			);
			path = HNReader;
			sourceTree = "<group>";
		};
		019127321AE4AA700060923B /* Supporting Files */ = {
			isa = PBXGroup;
			children = (
				019127331AE4AA700060923B /* Info.plist */,
			);
			name = "Supporting Files";
			sourceTree = "<group>";
		};
		019127471AE4AA700060923B /* HNReaderTests */ = {
			isa = PBXGroup;
			children = (
				0191274A1AE4AA700060923B /* HNReaderTests.swift */,
				019127481AE4AA700060923B /* Supporting Files */,
			);
			path = HNReaderTests;
			sourceTree = "<group>";
		};
		019127481AE4AA700060923B /* Supporting Files */ = {
			isa = PBXGroup;
			children = (
				019127491AE4AA700060923B /* Info.plist */,
			);
			name = "Supporting Files";
			sourceTree = "<group>";
		};
/* End PBXGroup section */

/* Begin PBXNativeTarget section */
		0191272E1AE4AA700060923B /* HNReader */ = {
			isa = PBXNativeTarget;
			buildConfigurationList = 0191274E1AE4AA700060923B /* Build configuration list for PBXNativeTarget "HNReader" */;
			buildPhases = (
				0191272B1AE4AA700060923B /* Sources */,
				0191272C1AE4AA700060923B /* Frameworks */,
				0191272D1AE4AA700060923B /* Resources */,
			);
			buildRules = (
			);
			dependencies = (
			);
			name = HNReader;
			productName = HNReader;
			productReference = 0191272F1AE4AA700060923B /* HNReader.app */;
			productType = "com.apple.product-type.application";
		};
		019127431AE4AA700060923B /* HNReaderTests */ = {
			isa = PBXNativeTarget;
			buildConfigurationList = 019127511AE4AA700060923B /* Build configuration list for PBXNativeTarget "HNReaderTests" */;
			buildPhases = (
				019127401AE4AA700060923B /* Sources */,
				019127411AE4AA700060923B /* Frameworks */,
				019127421AE4AA700060923B /* Resources */,
			);
			buildRules = (
			);
			dependencies = (
				019127461AE4AA700060923B /* PBXTargetDependency */,
			);
			name = HNReaderTests;
			productName = HNReaderTests;
			productReference = 019127441AE4AA700060923B /* HNReaderTests.xctest */;
			productType = "com.apple.product-type.bundle.unit-test";
		};
/* End PBXNativeTarget section */

/* Begin PBXProject section */
		019127271AE4AA700060923B /* Project object */ = {
			isa = PBXProject;
			attributes = {
				LastUpgradeCheck = 0620;
				ORGANIZATIONNAME = Nick;
				TargetAttributes = {
					0191272E1AE4AA700060923B = {
						CreatedOnToolsVersion = 6.2;
					};
					019127431AE4AA700060923B = {
						CreatedOnToolsVersion = 6.2;
						TestTargetID = 0191272E1AE4AA700060923B;
					};
				};
			};
			buildConfigurationList = 0191272A1AE4AA700060923B /* Build configuration list for PBXProject "HNReader" */;
			compatibilityVersion = "Xcode 3.2";
			developmentRegion = English;
			hasScannedForEncodings = 0;
			knownRegions = (
				en,
				Base,
			);
			mainGroup = 019127261AE4AA700060923B;
			productRefGroup = 019127301AE4AA700060923B /* Products */;
			projectDirPath = "";
			projectRoot = "";
			targets = (
				0191272E1AE4AA700060923B /* HNReader */,
				019127431AE4AA700060923B /* HNReaderTests */,
			);
		};
/* End PBXProject section */

/* Begin PBXResourcesBuildPhase section */
		0191272D1AE4AA700060923B /* Resources */ = {
			isa = PBXResourcesBuildPhase;
			buildActionMask = 2147483647;
			files = (
				0191273F1AE4AA700060923B /* LaunchScreen.xib in Resources */,
				0191273C1AE4AA700060923B /* Images.xcassets in Resources */,
			);
			runOnlyForDeploymentPostprocessing = 0;
		};
		019127421AE4AA700060923B /* Resources */ = {
			isa = PBXResourcesBuildPhase;
			buildActionMask = 2147483647;
			files = (
			);
			runOnlyForDeploymentPostprocessing = 0;
		};
/* End PBXResourcesBuildPhase section */

/* Begin PBXSourcesBuildPhase section */
		0191272B1AE4AA700060923B /* Sources */ = {
			isa = PBXSourcesBuildPhase;
			buildActionMask = 2147483647;
			files = (
				019127351AE4AA700060923B /* AppDelegate.swift in Sources */,
			);
			runOnlyForDeploymentPostprocessing = 0;
		};
		019127401AE4AA700060923B /* Sources */ = {
			isa = PBXSourcesBuildPhase;
			buildActionMask = 2147483647;
			files = (
				0191274B1AE4AA700060923B /* HNReaderTests.swift in Sources */,
			);
			runOnlyForDeploymentPostprocessing = 0;
		};
/* End PBXSourcesBuildPhase section */

/* Begin PBXTargetDependency section */
		019127461AE4AA700060923B /* PBXTargetDependency */ = {
			isa = PBXTargetDependency;
			target = 0191272E1AE4AA700060923B /* HNReader */;
			targetProxy = 019127451AE4AA700060923B /* PBXContainerItemProxy */;
		};
/* End PBXTargetDependency section */

/* Begin PBXVariantGroup section */
		0191273D1AE4AA700060923B /* LaunchScreen.xib */ = {
			isa = PBXVariantGroup;
			children = (
				0191273E1AE4AA700060923B /* Base */,
			);
			name = LaunchScreen.xib;
			sourceTree = "<group>";
		};
/* End PBXVariantGroup section */

/* Begin XCBuildConfiguration section */
		0191274C1AE4AA700060923B /* Debug */ = {
			isa = XCBuildConfiguration;
			buildSettings = {
				ALWAYS_SEARCH_USER_PATHS = NO;
				CLANG_CXX_LANGUAGE_STANDARD = "gnu++0x";
				CLANG_CXX_LIBRARY = "libc++";
				CLANG_ENABLE_MODULES = YES;
				CLANG_ENABLE_OBJC_ARC = YES;
				CLANG_WARN_BOOL_CONVERSION = YES;
				CLANG_WARN_CONSTANT_CONVERSION = YES;
				CLANG_WARN_DIRECT_OBJC_ISA_USAGE = YES_ERROR;
				CLANG_WARN_EMPTY_BODY = YES;
				CLANG_WARN_ENUM_CONVERSION = YES;
				CLANG_WARN_INT_CONVERSION = YES;
				CLANG_WARN_OBJC_ROOT_CLASS = YES_ERROR;
				CLANG_WARN_UNREACHABLE_CODE = YES;
				CLANG_WARN__DUPLICATE_METHOD_MATCH = YES;
				"CODE_SIGN_IDENTITY[sdk=iphoneos*]" = "iPhone Developer";
				COPY_PHASE_STRIP = NO;
				ENABLE_STRICT_OBJC_MSGSEND = YES;
				GCC_C_LANGUAGE_STANDARD = gnu99;
				GCC_DYNAMIC_NO_PIC = NO;
				GCC_OPTIMIZATION_LEVEL = 0;
				GCC_PREPROCESSOR_DEFINITIONS = (
					"DEBUG=1",
					"$(inherited)",
				);
				GCC_SYMBOLS_PRIVATE_EXTERN = NO;
				GCC_WARN_64_TO_32_BIT_CONVERSION = YES;
				GCC_WARN_ABOUT_RETURN_TYPE = YES_ERROR;
				GCC_WARN_UNDECLARED_SELECTOR = YES;
				GCC_WARN_UNINITIALIZED_AUTOS = YES_AGGRESSIVE;
				GCC_WARN_UNUSED_FUNCTION = YES;
				GCC_WARN_UNUSED_VARIABLE = YES;
				IPHONEOS_DEPLOYMENT_TARGET = 8.2;
				MTL_ENABLE_DEBUG_INFO = YES;
				ONLY_ACTIVE_ARCH = YES;
				SDKROOT = iphoneos;
				SWIFT_OPTIMIZATION_LEVEL = "-Onone";
				TARGETED_DEVICE_FAMILY = "1,2";
			};
			name = Debug;
		};
		0191274D1AE4AA700060923B /* Release */ = {
			isa = XCBuildConfiguration;
			buildSettings = {
				ALWAYS_SEARCH_USER_PATHS = NO;
				CLANG_CXX_LANGUAGE_STANDARD = "gnu++0x";
				CLANG_CXX_LIBRARY = "libc++";
				CLANG_ENABLE_MODULES = YES;
				CLANG_ENABLE_OBJC_ARC = YES;
				CLANG_WARN_BOOL_CONVERSION = YES;
				CLANG_WARN_CONSTANT_CONVERSION = YES;
				CLANG_WARN_DIRECT_OBJC_ISA_USAGE = YES_ERROR;
				CLANG_WARN_EMPTY_BODY = YES;
				CLANG_WARN_ENUM_CONVERSION = YES;
				CLANG_WARN_INT_CONVERSION = YES;
				CLANG_WARN_OBJC_ROOT_CLASS = YES_ERROR;
				CLANG_WARN_UNREACHABLE_CODE = YES;
				CLANG_WARN__DUPLICATE_METHOD_MATCH = YES;
				"CODE_SIGN_IDENTITY[sdk=iphoneos*]" = "iPhone Developer";
				COPY_PHASE_STRIP = NO;
				ENABLE_NS_ASSERTIONS = NO;
				ENABLE_STRICT_OBJC_MSGSEND = YES;
				GCC_C_LANGUAGE_STANDARD = gnu99;
				GCC_WARN_64_TO_32_BIT_CONVERSION = YES;
				GCC_WARN_ABOUT_RETURN_TYPE = YES_ERROR;
				GCC_WARN_UNDECLARED_SELECTOR = YES;
				GCC_WARN_UNINITIALIZED_AUTOS = YES_AGGRESSIVE;
				GCC_WARN_UNUSED_FUNCTION = YES;
				GCC_WARN_UNUSED_VARIABLE = YES;
				IPHONEOS_DEPLOYMENT_TARGET = 8.2;
				MTL_ENABLE_DEBUG_INFO = NO;
				SDKROOT = iphoneos;
				TARGETED_DEVICE_FAMILY = "1,2";
				VALIDATE_PRODUCT = YES;
			};
			name = Release;
		};
		0191274F1AE4AA700060923B /* Debug */ = {
			isa = XCBuildConfiguration;
			buildSettings = {
				ASSETCATALOG_COMPILER_APPICON_NAME = AppIcon;
				INFOPLIST_FILE = HNReader/Info.plist;
				LD_RUNPATH_SEARCH_PATHS = "$(inherited) @executable_path/Frameworks";
				PRODUCT_NAME = "$(TARGET_NAME)";
			};
			name = Debug;
		};
		019127501AE4AA700060923B /* Release */ = {
			isa = XCBuildConfiguration;
			buildSettings = {
				ASSETCATALOG_COMPILER_APPICON_NAME = AppIcon;
				INFOPLIST_FILE = HNReader/Info.plist;
				LD_RUNPATH_SEARCH_PATHS = "$(inherited) @executable_path/Frameworks";
				PRODUCT_NAME = "$(TARGET_NAME)";
			};
			name = Release;
		};
		019127521AE4AA700060923B /* Debug */ = {
			isa = XCBuildConfiguration;
			buildSettings = {
				BUNDLE_LOADER = "$(TEST_HOST)";
				FRAMEWORK_SEARCH_PATHS = (
					"$(SDKROOT)/Developer/Library/Frameworks",
					"$(inherited)",
				);
				GCC_PREPROCESSOR_DEFINITIONS = (
					"DEBUG=1",
					"$(inherited)",
				);
				INFOPLIST_FILE = HNReaderTests/Info.plist;
				LD_RUNPATH_SEARCH_PATHS = "$(inherited) @executable_path/Frameworks @loader_path/Frameworks";
				PRODUCT_NAME = "$(TARGET_NAME)";
				TEST_HOST = "$(BUILT_PRODUCTS_DIR)/HNReader.app/HNReader";
			};
			name = Debug;
		};
		019127531AE4AA700060923B /* Release */ = {
			isa = XCBuildConfiguration;
			buildSettings = {
				BUNDLE_LOADER = "$(TEST_HOST)";
				FRAMEWORK_SEARCH_PATHS = (
					"$(SDKROOT)/Developer/Library/Frameworks",
					"$(inherited)",
				);
				INFOPLIST_FILE = HNReaderTests/Info.plist;
				LD_RUNPATH_SEARCH_PATHS = "$(inherited) @executable_path/Frameworks @loader_path/Frameworks";
				PRODUCT_NAME = "$(TARGET_NAME)";
				TEST_HOST = "$(BUILT_PRODUCTS_DIR)/HNReader.app/HNReader";
			};
			name = Release;
		};
/* End XCBuildConfiguration section */

/* Begin XCConfigurationList section */
		0191272A1AE4AA700060923B /* Build configuration list for PBXProject "HNReader" */ = {
			isa = XCConfigurationList;
			buildConfigurations = (
				0191274C1AE4AA700060923B /* Debug */,
				0191274D1AE4AA700060923B /* Release */,
			);
			defaultConfigurationIsVisible = 0;
			defaultConfigurationName = Release;
		};
		0191274E1AE4AA700060923B /* Build configuration list for PBXNativeTarget "HNReader" */ = {
			isa = XCConfigurationList;
			buildConfigurations = (
				0191274F1AE4AA700060923B /* Debug */,
				019127501AE4AA700060923B /* Release */,
			);
			defaultConfigurationIsVisible = 0;
		};
		019127511AE4AA700060923B /* Build configuration list for PBXNativeTarget "HNReaderTests" */ = {
			isa = XCConfigurationList;
			buildConfigurations = (
				019127521AE4AA700060923B /* Debug */,
				019127531AE4AA700060923B /* Release */,
			);
			defaultConfigurationIsVisible = 0;
		};
/* End XCConfigurationList section */
	};
	rootObject = 019127271AE4AA700060923B /* Project object */;
}
